// !$*UTF8*$!
{
	archiveVersion = 1;
	classes = {
	};
	objectVersion = 56;
	objects = {

/* Begin PBXBuildFile section */
		23A5BDC328EBE01C004E23F5 /* AppDelegate.swift in Sources */ = {isa = PBXBuildFile; fileRef = 23A5BDC228EBE01C004E23F5 /* AppDelegate.swift */; };
		23A5BDC528EBE01C004E23F5 /* SceneDelegate.swift in Sources */ = {isa = PBXBuildFile; fileRef = 23A5BDC428EBE01C004E23F5 /* SceneDelegate.swift */; };
		23A5BDC728EBE01C004E23F5 /* ViewController.swift in Sources */ = {isa = PBXBuildFile; fileRef = 23A5BDC628EBE01C004E23F5 /* ViewController.swift */; };
		23A5BDCA28EBE01C004E23F5 /* Main.storyboard in Resources */ = {isa = PBXBuildFile; fileRef = 23A5BDC828EBE01C004E23F5 /* Main.storyboard */; };
		23A5BDCC28EBE01E004E23F5 /* Assets.xcassets in Resources */ = {isa = PBXBuildFile; fileRef = 23A5BDCB28EBE01E004E23F5 /* Assets.xcassets */; };
		23A5BDCF28EBE01E004E23F5 /* LaunchScreen.storyboard in Resources */ = {isa = PBXBuildFile; fileRef = 23A5BDCD28EBE01E004E23F5 /* LaunchScreen.storyboard */; };
		23A5BDDA28EBE01E004E23F5 /* Personality_QuizTests.swift in Sources */ = {isa = PBXBuildFile; fileRef = 23A5BDD928EBE01E004E23F5 /* Personality_QuizTests.swift */; };
		23A5BDE428EBE01E004E23F5 /* Personality_QuizUITests.swift in Sources */ = {isa = PBXBuildFile; fileRef = 23A5BDE328EBE01E004E23F5 /* Personality_QuizUITests.swift */; };
		23A5BDE628EBE01E004E23F5 /* Personality_QuizUITestsLaunchTests.swift in Sources */ = {isa = PBXBuildFile; fileRef = 23A5BDE528EBE01E004E23F5 /* Personality_QuizUITestsLaunchTests.swift */; };
/* End PBXBuildFile section */

/* Begin PBXContainerItemProxy section */
		23A5BDD628EBE01E004E23F5 /* PBXContainerItemProxy */ = {
			isa = PBXContainerItemProxy;
			containerPortal = 23A5BDB728EBE01C004E23F5 /* Project object */;
			proxyType = 1;
			remoteGlobalIDString = 23A5BDBE28EBE01C004E23F5;
			remoteInfo = "Personality Quiz";
		};
		23A5BDE028EBE01E004E23F5 /* PBXContainerItemProxy */ = {
			isa = PBXContainerItemProxy;
			containerPortal = 23A5BDB728EBE01C004E23F5 /* Project object */;
			proxyType = 1;
			remoteGlobalIDString = 23A5BDBE28EBE01C004E23F5;
			remoteInfo = "Personality Quiz";
		};
/* End PBXContainerItemProxy section */

/* Begin PBXFileReference section */
		23A5BDBF28EBE01C004E23F5 /* Personality Quiz.app */ = {isa = PBXFileReference; explicitFileType = wrapper.application; includeInIndex = 0; path = "Personality Quiz.app"; sourceTree = BUILT_PRODUCTS_DIR; };
		23A5BDC228EBE01C004E23F5 /* AppDelegate.swift */ = {isa = PBXFileReference; lastKnownFileType = sourcecode.swift; path = AppDelegate.swift; sourceTree = "<group>"; };
		23A5BDC428EBE01C004E23F5 /* SceneDelegate.swift */ = {isa = PBXFileReference; lastKnownFileType = sourcecode.swift; path = SceneDelegate.swift; sourceTree = "<group>"; };
		23A5BDC628EBE01C004E23F5 /* ViewController.swift */ = {isa = PBXFileReference; lastKnownFileType = sourcecode.swift; path = ViewController.swift; sourceTree = "<group>"; };
		23A5BDC928EBE01C004E23F5 /* Base */ = {isa = PBXFileReference; lastKnownFileType = file.storyboard; name = Base; path = Base.lproj/Main.storyboard; sourceTree = "<group>"; };
		23A5BDCB28EBE01E004E23F5 /* Assets.xcassets */ = {isa = PBXFileReference; lastKnownFileType = folder.assetcatalog; path = Assets.xcassets; sourceTree = "<group>"; };
		23A5BDCE28EBE01E004E23F5 /* Base */ = {isa = PBXFileReference; lastKnownFileType = file.storyboard; name = Base; path = Base.lproj/LaunchScreen.storyboard; sourceTree = "<group>"; };
		23A5BDD028EBE01E004E23F5 /* Info.plist */ = {isa = PBXFileReference; lastKnownFileType = text.plist.xml; path = Info.plist; sourceTree = "<group>"; };
		23A5BDD528EBE01E004E23F5 /* Personality QuizTests.xctest */ = {isa = PBXFileReference; explicitFileType = wrapper.cfbundle; includeInIndex = 0; path = "Personality QuizTests.xctest"; sourceTree = BUILT_PRODUCTS_DIR; };
		23A5BDD928EBE01E004E23F5 /* Personality_QuizTests.swift */ = {isa = PBXFileReference; lastKnownFileType = sourcecode.swift; path = Personality_QuizTests.swift; sourceTree = "<group>"; };
		23A5BDDF28EBE01E004E23F5 /* Personality QuizUITests.xctest */ = {isa = PBXFileReference; explicitFileType = wrapper.cfbundle; includeInIndex = 0; path = "Personality QuizUITests.xctest"; sourceTree = BUILT_PRODUCTS_DIR; };
		23A5BDE328EBE01E004E23F5 /* Personality_QuizUITests.swift */ = {isa = PBXFileReference; lastKnownFileType = sourcecode.swift; path = Personality_QuizUITests.swift; sourceTree = "<group>"; };
		23A5BDE528EBE01E004E23F5 /* Personality_QuizUITestsLaunchTests.swift */ = {isa = PBXFileReference; lastKnownFileType = sourcecode.swift; path = Personality_QuizUITestsLaunchTests.swift; sourceTree = "<group>"; };
/* End PBXFileReference section */

/* Begin PBXFrameworksBuildPhase section */
		23A5BDBC28EBE01C004E23F5 /* Frameworks */ = {
			isa = PBXFrameworksBuildPhase;
			buildActionMask = 2147483647;
			files = (
			);
			runOnlyForDeploymentPostprocessing = 0;
		};
		23A5BDD228EBE01E004E23F5 /* Frameworks */ = {
			isa = PBXFrameworksBuildPhase;
			buildActionMask = 2147483647;
			files = (
			);
			runOnlyForDeploymentPostprocessing = 0;
		};
		23A5BDDC28EBE01E004E23F5 /* Frameworks */ = {
			isa = PBXFrameworksBuildPhase;
			buildActionMask = 2147483647;
			files = (
			);
			runOnlyForDeploymentPostprocessing = 0;
		};
/* End PBXFrameworksBuildPhase section */

/* Begin PBXGroup section */
		23A5BDB628EBE01C004E23F5 = {
			isa = PBXGroup;
			children = (
				23A5BDC128EBE01C004E23F5 /* Personality Quiz */,
				23A5BDD828EBE01E004E23F5 /* Personality QuizTests */,
				23A5BDE228EBE01E004E23F5 /* Personality QuizUITests */,
				23A5BDC028EBE01C004E23F5 /* Products */,
			);
			sourceTree = "<group>";
		};
		23A5BDC028EBE01C004E23F5 /* Products */ = {
			isa = PBXGroup;
			children = (
				23A5BDBF28EBE01C004E23F5 /* Personality Quiz.app */,
				23A5BDD528EBE01E004E23F5 /* Personality QuizTests.xctest */,
				23A5BDDF28EBE01E004E23F5 /* Personality QuizUITests.xctest */,
			);
			name = Products;
			sourceTree = "<group>";
		};
		23A5BDC128EBE01C004E23F5 /* Personality Quiz */ = {
			isa = PBXGroup;
			children = (
				23A5BDC228EBE01C004E23F5 /* AppDelegate.swift */,
				23A5BDC428EBE01C004E23F5 /* SceneDelegate.swift */,
				23A5BDC628EBE01C004E23F5 /* ViewController.swift */,
				23A5BDC828EBE01C004E23F5 /* Main.storyboard */,
				23A5BDCB28EBE01E004E23F5 /* Assets.xcassets */,
				23A5BDCD28EBE01E004E23F5 /* LaunchScreen.storyboard */,
				23A5BDD028EBE01E004E23F5 /* Info.plist */,
			);
			path = "Personality Quiz";
			sourceTree = "<group>";
		};
		23A5BDD828EBE01E004E23F5 /* Personality QuizTests */ = {
			isa = PBXGroup;
			children = (
				23A5BDD928EBE01E004E23F5 /* Personality_QuizTests.swift */,
			);
			path = "Personality QuizTests";
			sourceTree = "<group>";
		};
		23A5BDE228EBE01E004E23F5 /* Personality QuizUITests */ = {
			isa = PBXGroup;
			children = (
				23A5BDE328EBE01E004E23F5 /* Personality_QuizUITests.swift */,
				23A5BDE528EBE01E004E23F5 /* Personality_QuizUITestsLaunchTests.swift */,
			);
			path = "Personality QuizUITests";
			sourceTree = "<group>";
		};
/* End PBXGroup section */

/* Begin PBXNativeTarget section */
		23A5BDBE28EBE01C004E23F5 /* Personality Quiz */ = {
			isa = PBXNativeTarget;
			buildConfigurationList = 23A5BDE928EBE01E004E23F5 /* Build configuration list for PBXNativeTarget "Personality Quiz" */;
			buildPhases = (
				23A5BDBB28EBE01C004E23F5 /* Sources */,
				23A5BDBC28EBE01C004E23F5 /* Frameworks */,
				23A5BDBD28EBE01C004E23F5 /* Resources */,
			);
			buildRules = (
			);
			dependencies = (
			);
			name = "Personality Quiz";
			productName = "Personality Quiz";
			productReference = 23A5BDBF28EBE01C004E23F5 /* Personality Quiz.app */;
			productType = "com.apple.product-type.application";
		};
		23A5BDD428EBE01E004E23F5 /* Personality QuizTests */ = {
			isa = PBXNativeTarget;
			buildConfigurationList = 23A5BDEC28EBE01E004E23F5 /* Build configuration list for PBXNativeTarget "Personality QuizTests" */;
			buildPhases = (
				23A5BDD128EBE01E004E23F5 /* Sources */,
				23A5BDD228EBE01E004E23F5 /* Frameworks */,
				23A5BDD328EBE01E004E23F5 /* Resources */,
			);
			buildRules = (
			);
			dependencies = (
				23A5BDD728EBE01E004E23F5 /* PBXTargetDependency */,
			);
			name = "Personality QuizTests";
			productName = "Personality QuizTests";
			productReference = 23A5BDD528EBE01E004E23F5 /* Personality QuizTests.xctest */;
			productType = "com.apple.product-type.bundle.unit-test";
		};
		23A5BDDE28EBE01E004E23F5 /* Personality QuizUITests */ = {
			isa = PBXNativeTarget;
			buildConfigurationList = 23A5BDEF28EBE01E004E23F5 /* Build configuration list for PBXNativeTarget "Personality QuizUITests" */;
			buildPhases = (
				23A5BDDB28EBE01E004E23F5 /* Sources */,
				23A5BDDC28EBE01E004E23F5 /* Frameworks */,
				23A5BDDD28EBE01E004E23F5 /* Resources */,
			);
			buildRules = (
			);
			dependencies = (
				23A5BDE128EBE01E004E23F5 /* PBXTargetDependency */,
			);
			name = "Personality QuizUITests";
			productName = "Personality QuizUITests";
			productReference = 23A5BDDF28EBE01E004E23F5 /* Personality QuizUITests.xctest */;
			productType = "com.apple.product-type.bundle.ui-testing";
		};
/* End PBXNativeTarget section */

/* Begin PBXProject section */
		23A5BDB728EBE01C004E23F5 /* Project object */ = {
			isa = PBXProject;
			attributes = {
				BuildIndependentTargetsInParallel = 1;
				LastSwiftUpdateCheck = 1400;
				LastUpgradeCheck = 1400;
				TargetAttributes = {
					23A5BDBE28EBE01C004E23F5 = {
						CreatedOnToolsVersion = 14.0.1;
					};
					23A5BDD428EBE01E004E23F5 = {
						CreatedOnToolsVersion = 14.0.1;
						TestTargetID = 23A5BDBE28EBE01C004E23F5;
					};
					23A5BDDE28EBE01E004E23F5 = {
						CreatedOnToolsVersion = 14.0.1;
						TestTargetID = 23A5BDBE28EBE01C004E23F5;
					};
				};
			};
			buildConfigurationList = 23A5BDBA28EBE01C004E23F5 /* Build configuration list for PBXProject "Personality Quiz" */;
			compatibilityVersion = "Xcode 14.0";
			developmentRegion = en;
			hasScannedForEncodings = 0;
			knownRegions = (
				en,
				Base,
			);
			mainGroup = 23A5BDB628EBE01C004E23F5;
			productRefGroup = 23A5BDC028EBE01C004E23F5 /* Products */;
			projectDirPath = "";
			projectRoot = "";
			targets = (
				23A5BDBE28EBE01C004E23F5 /* Personality Quiz */,
				23A5BDD428EBE01E004E23F5 /* Personality QuizTests */,
				23A5BDDE28EBE01E004E23F5 /* Personality QuizUITests */,
			);
		};
/* End PBXProject section */

/* Begin PBXResourcesBuildPhase section */
		23A5BDBD28EBE01C004E23F5 /* Resources */ = {
			isa = PBXResourcesBuildPhase;
			buildActionMask = 2147483647;
			files = (
				23A5BDCF28EBE01E004E23F5 /* LaunchScreen.storyboard in Resources */,
				23A5BDCC28EBE01E004E23F5 /* Assets.xcassets in Resources */,
				23A5BDCA28EBE01C004E23F5 /* Main.storyboard in Resources */,
			);
			runOnlyForDeploymentPostprocessing = 0;
		};
		23A5BDD328EBE01E004E23F5 /* Resources */ = {
			isa = PBXResourcesBuildPhase;
			buildActionMask = 2147483647;
			files = (
			);
			runOnlyForDeploymentPostprocessing = 0;
		};
		23A5BDDD28EBE01E004E23F5 /* Resources */ = {
			isa = PBXResourcesBuildPhase;
			buildActionMask = 2147483647;
			files = (
			);
			runOnlyForDeploymentPostprocessing = 0;
		};
/* End PBXResourcesBuildPhase section */

/* Begin PBXSourcesBuildPhase section */
		23A5BDBB28EBE01C004E23F5 /* Sources */ = {
			isa = PBXSourcesBuildPhase;
			buildActionMask = 2147483647;
			files = (
				23A5BDC728EBE01C004E23F5 /* ViewController.swift in Sources */,
				23A5BDC328EBE01C004E23F5 /* AppDelegate.swift in Sources */,
				23A5BDC528EBE01C004E23F5 /* SceneDelegate.swift in Sources */,
			);
			runOnlyForDeploymentPostprocessing = 0;
		};
		23A5BDD128EBE01E004E23F5 /* Sources */ = {
			isa = PBXSourcesBuildPhase;
			buildActionMask = 2147483647;
			files = (
				23A5BDDA28EBE01E004E23F5 /* Personality_QuizTests.swift in Sources */,
			);
			runOnlyForDeploymentPostprocessing = 0;
		};
		23A5BDDB28EBE01E004E23F5 /* Sources */ = {
			isa = PBXSourcesBuildPhase;
			buildActionMask = 2147483647;
			files = (
				23A5BDE628EBE01E004E23F5 /* Personality_QuizUITestsLaunchTests.swift in Sources */,
				23A5BDE428EBE01E004E23F5 /* Personality_QuizUITests.swift in Sources */,
			);
			runOnlyForDeploymentPostprocessing = 0;
		};
/* End PBXSourcesBuildPhase section */

/* Begin PBXTargetDependency section */
		23A5BDD728EBE01E004E23F5 /* PBXTargetDependency */ = {
			isa = PBXTargetDependency;
			target = 23A5BDBE28EBE01C004E23F5 /* Personality Quiz */;
			targetProxy = 23A5BDD628EBE01E004E23F5 /* PBXContainerItemProxy */;
		};
		23A5BDE128EBE01E004E23F5 /* PBXTargetDependency */ = {
			isa = PBXTargetDependency;
			target = 23A5BDBE28EBE01C004E23F5 /* Personality Quiz */;
			targetProxy = 23A5BDE028EBE01E004E23F5 /* PBXContainerItemProxy */;
		};
/* End PBXTargetDependency section */

/* Begin PBXVariantGroup section */
		23A5BDC828EBE01C004E23F5 /* Main.storyboard */ = {
			isa = PBXVariantGroup;
			children = (
				23A5BDC928EBE01C004E23F5 /* Base */,
			);
			name = Main.storyboard;
			sourceTree = "<group>";
		};
		23A5BDCD28EBE01E004E23F5 /* LaunchScreen.storyboard */ = {
			isa = PBXVariantGroup;
			children = (
				23A5BDCE28EBE01E004E23F5 /* Base */,
			);
			name = LaunchScreen.storyboard;
			sourceTree = "<group>";
		};
/* End PBXVariantGroup section */

/* Begin XCBuildConfiguration section */
		23A5BDE728EBE01E004E23F5 /* Debug */ = {
			isa = XCBuildConfiguration;
			buildSettings = {
				ALWAYS_SEARCH_USER_PATHS = NO;
				CLANG_ANALYZER_NONNULL = YES;
				CLANG_ANALYZER_NUMBER_OBJECT_CONVERSION = YES_AGGRESSIVE;
				CLANG_CXX_LANGUAGE_STANDARD = "gnu++20";
				CLANG_ENABLE_MODULES = YES;
				CLANG_ENABLE_OBJC_ARC = YES;
				CLANG_ENABLE_OBJC_WEAK = YES;
				CLANG_WARN_BLOCK_CAPTURE_AUTORELEASING = YES;
				CLANG_WARN_BOOL_CONVERSION = YES;
				CLANG_WARN_COMMA = YES;
				CLANG_WARN_CONSTANT_CONVERSION = YES;
				CLANG_WARN_DEPRECATED_OBJC_IMPLEMENTATIONS = YES;
				CLANG_WARN_DIRECT_OBJC_ISA_USAGE = YES_ERROR;
				CLANG_WARN_DOCUMENTATION_COMMENTS = YES;
				CLANG_WARN_EMPTY_BODY = YES;
				CLANG_WARN_ENUM_CONVERSION = YES;
				CLANG_WARN_INFINITE_RECURSION = YES;
				CLANG_WARN_INT_CONVERSION = YES;
				CLANG_WARN_NON_LITERAL_NULL_CONVERSION = YES;
				CLANG_WARN_OBJC_IMPLICIT_RETAIN_SELF = YES;
				CLANG_WARN_OBJC_LITERAL_CONVERSION = YES;
				CLANG_WARN_OBJC_ROOT_CLASS = YES_ERROR;
				CLANG_WARN_QUOTED_INCLUDE_IN_FRAMEWORK_HEADER = YES;
				CLANG_WARN_RANGE_LOOP_ANALYSIS = YES;
				CLANG_WARN_STRICT_PROTOTYPES = YES;
				CLANG_WARN_SUSPICIOUS_MOVE = YES;
				CLANG_WARN_UNGUARDED_AVAILABILITY = YES_AGGRESSIVE;
				CLANG_WARN_UNREACHABLE_CODE = YES;
				CLANG_WARN__DUPLICATE_METHOD_MATCH = YES;
				COPY_PHASE_STRIP = NO;
				DEBUG_INFORMATION_FORMAT = dwarf;
				ENABLE_STRICT_OBJC_MSGSEND = YES;
				ENABLE_TESTABILITY = YES;
				GCC_C_LANGUAGE_STANDARD = gnu11;
				GCC_DYNAMIC_NO_PIC = NO;
				GCC_NO_COMMON_BLOCKS = YES;
				GCC_OPTIMIZATION_LEVEL = 0;
				GCC_PREPROCESSOR_DEFINITIONS = (
					"DEBUG=1",
					"$(inherited)",
				);
				GCC_WARN_64_TO_32_BIT_CONVERSION = YES;
				GCC_WARN_ABOUT_RETURN_TYPE = YES_ERROR;
				GCC_WARN_UNDECLARED_SELECTOR = YES;
				GCC_WARN_UNINITIALIZED_AUTOS = YES_AGGRESSIVE;
				GCC_WARN_UNUSED_FUNCTION = YES;
				GCC_WARN_UNUSED_VARIABLE = YES;
				IPHONEOS_DEPLOYMENT_TARGET = 16.0;
				MTL_ENABLE_DEBUG_INFO = INCLUDE_SOURCE;
				MTL_FAST_MATH = YES;
				ONLY_ACTIVE_ARCH = YES;
				SDKROOT = iphoneos;
				SWIFT_ACTIVE_COMPILATION_CONDITIONS = DEBUG;
				SWIFT_OPTIMIZATION_LEVEL = "-Onone";
			};
			name = Debug;
		};
		23A5BDE828EBE01E004E23F5 /* Release */ = {
			isa = XCBuildConfiguration;
			buildSettings = {
				ALWAYS_SEARCH_USER_PATHS = NO;
				CLANG_ANALYZER_NONNULL = YES;
				CLANG_ANALYZER_NUMBER_OBJECT_CONVERSION = YES_AGGRESSIVE;
				CLANG_CXX_LANGUAGE_STANDARD = "gnu++20";
				CLANG_ENABLE_MODULES = YES;
				CLANG_ENABLE_OBJC_ARC = YES;
				CLANG_ENABLE_OBJC_WEAK = YES;
				CLANG_WARN_BLOCK_CAPTURE_AUTORELEASING = YES;
				CLANG_WARN_BOOL_CONVERSION = YES;
				CLANG_WARN_COMMA = YES;
				CLANG_WARN_CONSTANT_CONVERSION = YES;
				CLANG_WARN_DEPRECATED_OBJC_IMPLEMENTATIONS = YES;
				CLANG_WARN_DIRECT_OBJC_ISA_USAGE = YES_ERROR;
				CLANG_WARN_DOCUMENTATION_COMMENTS = YES;
				CLANG_WARN_EMPTY_BODY = YES;
				CLANG_WARN_ENUM_CONVERSION = YES;
				CLANG_WARN_INFINITE_RECURSION = YES;
				CLANG_WARN_INT_CONVERSION = YES;
				CLANG_WARN_NON_LITERAL_NULL_CONVERSION = YES;
				CLANG_WARN_OBJC_IMPLICIT_RETAIN_SELF = YES;
				CLANG_WARN_OBJC_LITERAL_CONVERSION = YES;
				CLANG_WARN_OBJC_ROOT_CLASS = YES_ERROR;
				CLANG_WARN_QUOTED_INCLUDE_IN_FRAMEWORK_HEADER = YES;
				CLANG_WARN_RANGE_LOOP_ANALYSIS = YES;
				CLANG_WARN_STRICT_PROTOTYPES = YES;
				CLANG_WARN_SUSPICIOUS_MOVE = YES;
				CLANG_WARN_UNGUARDED_AVAILABILITY = YES_AGGRESSIVE;
				CLANG_WARN_UNREACHABLE_CODE = YES;
				CLANG_WARN__DUPLICATE_METHOD_MATCH = YES;
				COPY_PHASE_STRIP = NO;
				DEBUG_INFORMATION_FORMAT = "dwarf-with-dsym";
				ENABLE_NS_ASSERTIONS = NO;
				ENABLE_STRICT_OBJC_MSGSEND = YES;
				GCC_C_LANGUAGE_STANDARD = gnu11;
				GCC_NO_COMMON_BLOCKS = YES;
				GCC_WARN_64_TO_32_BIT_CONVERSION = YES;
				GCC_WARN_ABOUT_RETURN_TYPE = YES_ERROR;
				GCC_WARN_UNDECLARED_SELECTOR = YES;
				GCC_WARN_UNINITIALIZED_AUTOS = YES_AGGRESSIVE;
				GCC_WARN_UNUSED_FUNCTION = YES;
				GCC_WARN_UNUSED_VARIABLE = YES;
				IPHONEOS_DEPLOYMENT_TARGET = 16.0;
				MTL_ENABLE_DEBUG_INFO = NO;
				MTL_FAST_MATH = YES;
				SDKROOT = iphoneos;
				SWIFT_COMPILATION_MODE = wholemodule;
				SWIFT_OPTIMIZATION_LEVEL = "-O";
				VALIDATE_PRODUCT = YES;
			};
			name = Release;
		};
		23A5BDEA28EBE01E004E23F5 /* Debug */ = {
			isa = XCBuildConfiguration;
			buildSettings = {
				ASSETCATALOG_COMPILER_APPICON_NAME = AppIcon;
				ASSETCATALOG_COMPILER_GLOBAL_ACCENT_COLOR_NAME = AccentColor;
				CODE_SIGN_STYLE = Automatic;
				CURRENT_PROJECT_VERSION = 1;
				GENERATE_INFOPLIST_FILE = YES;
				INFOPLIST_FILE = "Personality Quiz/Info.plist";
				INFOPLIST_KEY_UIApplicationSupportsIndirectInputEvents = YES;
				INFOPLIST_KEY_UILaunchStoryboardName = LaunchScreen;
				INFOPLIST_KEY_UIMainStoryboardFile = Main;
				INFOPLIST_KEY_UISupportedInterfaceOrientations_iPad = "UIInterfaceOrientationPortrait UIInterfaceOrientationPortraitUpsideDown UIInterfaceOrientationLandscapeLeft UIInterfaceOrientationLandscapeRight";
				INFOPLIST_KEY_UISupportedInterfaceOrientations_iPhone = "UIInterfaceOrientationPortrait UIInterfaceOrientationLandscapeLeft UIInterfaceOrientationLandscapeRight";
				LD_RUNPATH_SEARCH_PATHS = (
					"$(inherited)",
					"@executable_path/Frameworks",
				);
				MARKETING_VERSION = 1.0;
				PRODUCT_BUNDLE_IDENTIFIER = "com.jaydock.Personality-Quiz";
				PRODUCT_NAME = "$(TARGET_NAME)";
				SWIFT_EMIT_LOC_STRINGS = YES;
				SWIFT_VERSION = 5.0;
				TARGETED_DEVICE_FAMILY = "1,2";
			};
			name = Debug;
		};
		23A5BDEB28EBE01E004E23F5 /* Release */ = {
			isa = XCBuildConfiguration;
			buildSettings = {
				ASSETCATALOG_COMPILER_APPICON_NAME = AppIcon;
				ASSETCATALOG_COMPILER_GLOBAL_ACCENT_COLOR_NAME = AccentColor;
				CODE_SIGN_STYLE = Automatic;
				CURRENT_PROJECT_VERSION = 1;
				GENERATE_INFOPLIST_FILE = YES;
				INFOPLIST_FILE = "Personality Quiz/Info.plist";
				INFOPLIST_KEY_UIApplicationSupportsIndirectInputEvents = YES;
				INFOPLIST_KEY_UILaunchStoryboardName = LaunchScreen;
				INFOPLIST_KEY_UIMainStoryboardFile = Main;
				INFOPLIST_KEY_UISupportedInterfaceOrientations_iPad = "UIInterfaceOrientationPortrait UIInterfaceOrientationPortraitUpsideDown UIInterfaceOrientationLandscapeLeft UIInterfaceOrientationLandscapeRight";
				INFOPLIST_KEY_UISupportedInterfaceOrientations_iPhone = "UIInterfaceOrientationPortrait UIInterfaceOrientationLandscapeLeft UIInterfaceOrientationLandscapeRight";
				LD_RUNPATH_SEARCH_PATHS = (
					"$(inherited)",
					"@executable_path/Frameworks",
				);
				MARKETING_VERSION = 1.0;
				PRODUCT_BUNDLE_IDENTIFIER = "com.jaydock.Personality-Quiz";
				PRODUCT_NAME = "$(TARGET_NAME)";
				SWIFT_EMIT_LOC_STRINGS = YES;
				SWIFT_VERSION = 5.0;
				TARGETED_DEVICE_FAMILY = "1,2";
			};
			name = Release;
		};
		23A5BDED28EBE01E004E23F5 /* Debug */ = {
			isa = XCBuildConfiguration;
			buildSettings = {
				ALWAYS_EMBED_SWIFT_STANDARD_LIBRARIES = YES;
				BUNDLE_LOADER = "$(TEST_HOST)";
				CODE_SIGN_STYLE = Automatic;
				CURRENT_PROJECT_VERSION = 1;
				GENERATE_INFOPLIST_FILE = YES;
				IPHONEOS_DEPLOYMENT_TARGET = 16.0;
				MARKETING_VERSION = 1.0;
				PRODUCT_BUNDLE_IDENTIFIER = "com.jaydock.Personality-QuizTests";
				PRODUCT_NAME = "$(TARGET_NAME)";
				SWIFT_EMIT_LOC_STRINGS = NO;
				SWIFT_VERSION = 5.0;
				TARGETED_DEVICE_FAMILY = "1,2";
				TEST_HOST = "$(BUILT_PRODUCTS_DIR)/Personality Quiz.app/$(BUNDLE_EXECUTABLE_FOLDER_PATH)/Personality Quiz";
			};
			name = Debug;
		};
		23A5BDEE28EBE01E004E23F5 /* Release */ = {
			isa = XCBuildConfiguration;
			buildSettings = {
				ALWAYS_EMBED_SWIFT_STANDARD_LIBRARIES = YES;
				BUNDLE_LOADER = "$(TEST_HOST)";
				CODE_SIGN_STYLE = Automatic;
				CURRENT_PROJECT_VERSION = 1;
				GENERATE_INFOPLIST_FILE = YES;
				IPHONEOS_DEPLOYMENT_TARGET = 16.0;
				MARKETING_VERSION = 1.0;
				PRODUCT_BUNDLE_IDENTIFIER = "com.jaydock.Personality-QuizTests";
				PRODUCT_NAME = "$(TARGET_NAME)";
				SWIFT_EMIT_LOC_STRINGS = NO;
				SWIFT_VERSION = 5.0;
				TARGETED_DEVICE_FAMILY = "1,2";
				TEST_HOST = "$(BUILT_PRODUCTS_DIR)/Personality Quiz.app/$(BUNDLE_EXECUTABLE_FOLDER_PATH)/Personality Quiz";
			};
			name = Release;
		};
		23A5BDF028EBE01E004E23F5 /* Debug */ = {
			isa = XCBuildConfiguration;
			buildSettings = {
				ALWAYS_EMBED_SWIFT_STANDARD_LIBRARIES = YES;
				CODE_SIGN_STYLE = Automatic;
				CURRENT_PROJECT_VERSION = 1;
				GENERATE_INFOPLIST_FILE = YES;
				MARKETING_VERSION = 1.0;
				PRODUCT_BUNDLE_IDENTIFIER = "com.jaydock.Personality-QuizUITests";
				PRODUCT_NAME = "$(TARGET_NAME)";
				SWIFT_EMIT_LOC_STRINGS = NO;
				SWIFT_VERSION = 5.0;
				TARGETED_DEVICE_FAMILY = "1,2";
				TEST_TARGET_NAME = "Personality Quiz";
			};
			name = Debug;
		};
		23A5BDF128EBE01E004E23F5 /* Release */ = {
			isa = XCBuildConfiguration;
			buildSettings = {
				ALWAYS_EMBED_SWIFT_STANDARD_LIBRARIES = YES;
				CODE_SIGN_STYLE = Automatic;
				CURRENT_PROJECT_VERSION = 1;
				GENERATE_INFOPLIST_FILE = YES;
				MARKETING_VERSION = 1.0;
				PRODUCT_BUNDLE_IDENTIFIER = "com.jaydock.Personality-QuizUITests";
				PRODUCT_NAME = "$(TARGET_NAME)";
				SWIFT_EMIT_LOC_STRINGS = NO;
				SWIFT_VERSION = 5.0;
				TARGETED_DEVICE_FAMILY = "1,2";
				TEST_TARGET_NAME = "Personality Quiz";
			};
			name = Release;
		};
/* End XCBuildConfiguration section */

/* Begin XCConfigurationList section */
		23A5BDBA28EBE01C004E23F5 /* Build configuration list for PBXProject "Personality Quiz" */ = {
			isa = XCConfigurationList;
			buildConfigurations = (
				23A5BDE728EBE01E004E23F5 /* Debug */,
				23A5BDE828EBE01E004E23F5 /* Release */,
			);
			defaultConfigurationIsVisible = 0;
			defaultConfigurationName = Release;
		};
		23A5BDE928EBE01E004E23F5 /* Build configuration list for PBXNativeTarget "Personality Quiz" */ = {
			isa = XCConfigurationList;
			buildConfigurations = (
				23A5BDEA28EBE01E004E23F5 /* Debug */,
				23A5BDEB28EBE01E004E23F5 /* Release */,
			);
			defaultConfigurationIsVisible = 0;
			defaultConfigurationName = Release;
		};
		23A5BDEC28EBE01E004E23F5 /* Build configuration list for PBXNativeTarget "Personality QuizTests" */ = {
			isa = XCConfigurationList;
			buildConfigurations = (
				23A5BDED28EBE01E004E23F5 /* Debug */,
				23A5BDEE28EBE01E004E23F5 /* Release */,
			);
			defaultConfigurationIsVisible = 0;
			defaultConfigurationName = Release;
		};
		23A5BDEF28EBE01E004E23F5 /* Build configuration list for PBXNativeTarget "Personality QuizUITests" */ = {
			isa = XCConfigurationList;
			buildConfigurations = (
				23A5BDF028EBE01E004E23F5 /* Debug */,
				23A5BDF128EBE01E004E23F5 /* Release */,
			);
			defaultConfigurationIsVisible = 0;
			defaultConfigurationName = Release;
		};
/* End XCConfigurationList section */
	};
	rootObject = 23A5BDB728EBE01C004E23F5 /* Project object */;
}
