// !$*UTF8*$!
{
	archiveVersion = 1;
	classes = {
	};
	objectVersion = 56;
	objects = {

/* Begin PBXBuildFile section */
		236B88282950C2EA0073D944 /* AppDelegate.swift in Sources */ = {isa = PBXBuildFile; fileRef = 236B88272950C2EA0073D944 /* AppDelegate.swift */; };
		236B882A2950C2EA0073D944 /* SceneDelegate.swift in Sources */ = {isa = PBXBuildFile; fileRef = 236B88292950C2EA0073D944 /* SceneDelegate.swift */; };
		236B882C2950C2EA0073D944 /* ViewController.swift in Sources */ = {isa = PBXBuildFile; fileRef = 236B882B2950C2EA0073D944 /* ViewController.swift */; };
		236B882F2950C2EA0073D944 /* Main.storyboard in Resources */ = {isa = PBXBuildFile; fileRef = 236B882D2950C2EA0073D944 /* Main.storyboard */; };
		236B88322950C2EA0073D944 /* OrderApp.xcdatamodeld in Sources */ = {isa = PBXBuildFile; fileRef = 236B88302950C2EA0073D944 /* OrderApp.xcdatamodeld */; };
		236B88342950C2EB0073D944 /* Assets.xcassets in Resources */ = {isa = PBXBuildFile; fileRef = 236B88332950C2EB0073D944 /* Assets.xcassets */; };
		236B88372950C2EB0073D944 /* LaunchScreen.storyboard in Resources */ = {isa = PBXBuildFile; fileRef = 236B88352950C2EB0073D944 /* LaunchScreen.storyboard */; };
		236B883F2950C8730073D944 /* CategoryTableViewController.swift in Sources */ = {isa = PBXBuildFile; fileRef = 236B883E2950C8720073D944 /* CategoryTableViewController.swift */; };
		236B88412950C8820073D944 /* MenuTableViewController.swift in Sources */ = {isa = PBXBuildFile; fileRef = 236B88402950C8820073D944 /* MenuTableViewController.swift */; };
		236B88432950C8940073D944 /* OrderTableViewController.swift in Sources */ = {isa = PBXBuildFile; fileRef = 236B88422950C8940073D944 /* OrderTableViewController.swift */; };
		236B88452950CA850073D944 /* MenuItemDetailViewController.swift in Sources */ = {isa = PBXBuildFile; fileRef = 236B88442950CA850073D944 /* MenuItemDetailViewController.swift */; };
		236B88472950CBB20073D944 /* MenuItem.swift in Sources */ = {isa = PBXBuildFile; fileRef = 236B88462950CBB20073D944 /* MenuItem.swift */; };
		236B88492950CCBF0073D944 /* ResponceModels.swift in Sources */ = {isa = PBXBuildFile; fileRef = 236B88482950CCBF0073D944 /* ResponceModels.swift */; };
		236B884B2950CEF40073D944 /* Order.swift in Sources */ = {isa = PBXBuildFile; fileRef = 236B884A2950CEF40073D944 /* Order.swift */; };
		236B884D2950D6620073D944 /* MenuController.swift in Sources */ = {isa = PBXBuildFile; fileRef = 236B884C2950D6620073D944 /* MenuController.swift */; };
		236B88562952D5510073D944 /* OrderConfirmationViewController.swift in Sources */ = {isa = PBXBuildFile; fileRef = 236B88552952D5510073D944 /* OrderConfirmationViewController.swift */; };
/* End PBXBuildFile section */

/* Begin PBXFileReference section */
		236B88242950C2EA0073D944 /* OrderApp.app */ = {isa = PBXFileReference; explicitFileType = wrapper.application; includeInIndex = 0; path = OrderApp.app; sourceTree = BUILT_PRODUCTS_DIR; };
		236B88272950C2EA0073D944 /* AppDelegate.swift */ = {isa = PBXFileReference; lastKnownFileType = sourcecode.swift; path = AppDelegate.swift; sourceTree = "<group>"; };
		236B88292950C2EA0073D944 /* SceneDelegate.swift */ = {isa = PBXFileReference; lastKnownFileType = sourcecode.swift; path = SceneDelegate.swift; sourceTree = "<group>"; };
		236B882B2950C2EA0073D944 /* ViewController.swift */ = {isa = PBXFileReference; lastKnownFileType = sourcecode.swift; path = ViewController.swift; sourceTree = "<group>"; };
		236B882E2950C2EA0073D944 /* Base */ = {isa = PBXFileReference; lastKnownFileType = file.storyboard; name = Base; path = Base.lproj/Main.storyboard; sourceTree = "<group>"; };
		236B88312950C2EA0073D944 /* OrderApp.xcdatamodel */ = {isa = PBXFileReference; lastKnownFileType = wrapper.xcdatamodel; path = OrderApp.xcdatamodel; sourceTree = "<group>"; };
		236B88332950C2EB0073D944 /* Assets.xcassets */ = {isa = PBXFileReference; lastKnownFileType = folder.assetcatalog; path = Assets.xcassets; sourceTree = "<group>"; };
		236B88362950C2EB0073D944 /* Base */ = {isa = PBXFileReference; lastKnownFileType = file.storyboard; name = Base; path = Base.lproj/LaunchScreen.storyboard; sourceTree = "<group>"; };
		236B88382950C2EB0073D944 /* Info.plist */ = {isa = PBXFileReference; lastKnownFileType = text.plist.xml; path = Info.plist; sourceTree = "<group>"; };
		236B883E2950C8720073D944 /* CategoryTableViewController.swift */ = {isa = PBXFileReference; lastKnownFileType = sourcecode.swift; path = CategoryTableViewController.swift; sourceTree = "<group>"; };
		236B88402950C8820073D944 /* MenuTableViewController.swift */ = {isa = PBXFileReference; lastKnownFileType = sourcecode.swift; path = MenuTableViewController.swift; sourceTree = "<group>"; };
		236B88422950C8940073D944 /* OrderTableViewController.swift */ = {isa = PBXFileReference; lastKnownFileType = sourcecode.swift; path = OrderTableViewController.swift; sourceTree = "<group>"; };
		236B88442950CA850073D944 /* MenuItemDetailViewController.swift */ = {isa = PBXFileReference; lastKnownFileType = sourcecode.swift; path = MenuItemDetailViewController.swift; sourceTree = "<group>"; };
		236B88462950CBB20073D944 /* MenuItem.swift */ = {isa = PBXFileReference; lastKnownFileType = sourcecode.swift; path = MenuItem.swift; sourceTree = "<group>"; };
		236B88482950CCBF0073D944 /* ResponceModels.swift */ = {isa = PBXFileReference; lastKnownFileType = sourcecode.swift; path = ResponceModels.swift; sourceTree = "<group>"; };
		236B884A2950CEF40073D944 /* Order.swift */ = {isa = PBXFileReference; lastKnownFileType = sourcecode.swift; path = Order.swift; sourceTree = "<group>"; };
		236B884C2950D6620073D944 /* MenuController.swift */ = {isa = PBXFileReference; lastKnownFileType = sourcecode.swift; path = MenuController.swift; sourceTree = "<group>"; };
		236B88552952D5510073D944 /* OrderConfirmationViewController.swift */ = {isa = PBXFileReference; lastKnownFileType = sourcecode.swift; path = OrderConfirmationViewController.swift; sourceTree = "<group>"; };
/* End PBXFileReference section */

/* Begin PBXFrameworksBuildPhase section */
		236B88212950C2EA0073D944 /* Frameworks */ = {
			isa = PBXFrameworksBuildPhase;
			buildActionMask = 2147483647;
			files = (
			);
			runOnlyForDeploymentPostprocessing = 0;
		};
/* End PBXFrameworksBuildPhase section */

/* Begin PBXGroup section */
		236B881B2950C2EA0073D944 = {
			isa = PBXGroup;
			children = (
				236B883E2950C8720073D944 /* CategoryTableViewController.swift */,
				236B88402950C8820073D944 /* MenuTableViewController.swift */,
				236B88422950C8940073D944 /* OrderTableViewController.swift */,
				236B88262950C2EA0073D944 /* OrderApp */,
				236B88252950C2EA0073D944 /* Products */,
			);
			sourceTree = "<group>";
		};
		236B88252950C2EA0073D944 /* Products */ = {
			isa = PBXGroup;
			children = (
				236B88242950C2EA0073D944 /* OrderApp.app */,
			);
			name = Products;
			sourceTree = "<group>";
		};
		236B88262950C2EA0073D944 /* OrderApp */ = {
			isa = PBXGroup;
			children = (
				236B88272950C2EA0073D944 /* AppDelegate.swift */,
				236B88292950C2EA0073D944 /* SceneDelegate.swift */,
				236B882B2950C2EA0073D944 /* ViewController.swift */,
				236B882D2950C2EA0073D944 /* Main.storyboard */,
				236B88552952D5510073D944 /* OrderConfirmationViewController.swift */,
				236B88462950CBB20073D944 /* MenuItem.swift */,
				236B88482950CCBF0073D944 /* ResponceModels.swift */,
				236B884A2950CEF40073D944 /* Order.swift */,
				236B884C2950D6620073D944 /* MenuController.swift */,
				236B88442950CA850073D944 /* MenuItemDetailViewController.swift */,
				236B88332950C2EB0073D944 /* Assets.xcassets */,
				236B88352950C2EB0073D944 /* LaunchScreen.storyboard */,
				236B88382950C2EB0073D944 /* Info.plist */,
				236B88302950C2EA0073D944 /* OrderApp.xcdatamodeld */,
			);
			path = OrderApp;
			sourceTree = "<group>";
		};
/* End PBXGroup section */

/* Begin PBXNativeTarget section */
		236B88232950C2EA0073D944 /* OrderApp */ = {
			isa = PBXNativeTarget;
			buildConfigurationList = 236B883B2950C2EB0073D944 /* Build configuration list for PBXNativeTarget "OrderApp" */;
			buildPhases = (
				236B88202950C2EA0073D944 /* Sources */,
				236B88212950C2EA0073D944 /* Frameworks */,
				236B88222950C2EA0073D944 /* Resources */,
			);
			buildRules = (
			);
			dependencies = (
			);
			name = OrderApp;
			productName = OrderApp;
			productReference = 236B88242950C2EA0073D944 /* OrderApp.app */;
			productType = "com.apple.product-type.application";
		};
/* End PBXNativeTarget section */

/* Begin PBXProject section */
		236B881C2950C2EA0073D944 /* Project object */ = {
			isa = PBXProject;
			attributes = {
				BuildIndependentTargetsInParallel = 1;
				LastSwiftUpdateCheck = 1410;
				LastUpgradeCheck = 1410;
				TargetAttributes = {
					236B88232950C2EA0073D944 = {
						CreatedOnToolsVersion = 14.1;
					};
				};
			};
			buildConfigurationList = 236B881F2950C2EA0073D944 /* Build configuration list for PBXProject "OrderApp" */;
			compatibilityVersion = "Xcode 14.0";
			developmentRegion = en;
			hasScannedForEncodings = 0;
			knownRegions = (
				en,
				Base,
			);
			mainGroup = 236B881B2950C2EA0073D944;
			productRefGroup = 236B88252950C2EA0073D944 /* Products */;
			projectDirPath = "";
			projectRoot = "";
			targets = (
				236B88232950C2EA0073D944 /* OrderApp */,
			);
		};
/* End PBXProject section */

/* Begin PBXResourcesBuildPhase section */
		236B88222950C2EA0073D944 /* Resources */ = {
			isa = PBXResourcesBuildPhase;
			buildActionMask = 2147483647;
			files = (
				236B88372950C2EB0073D944 /* LaunchScreen.storyboard in Resources */,
				236B88342950C2EB0073D944 /* Assets.xcassets in Resources */,
				236B882F2950C2EA0073D944 /* Main.storyboard in Resources */,
			);
			runOnlyForDeploymentPostprocessing = 0;
		};
/* End PBXResourcesBuildPhase section */

/* Begin PBXSourcesBuildPhase section */
		236B88202950C2EA0073D944 /* Sources */ = {
			isa = PBXSourcesBuildPhase;
			buildActionMask = 2147483647;
			files = (
				236B882C2950C2EA0073D944 /* ViewController.swift in Sources */,
				236B88432950C8940073D944 /* OrderTableViewController.swift in Sources */,
				236B88492950CCBF0073D944 /* ResponceModels.swift in Sources */,
				236B88282950C2EA0073D944 /* AppDelegate.swift in Sources */,
				236B88562952D5510073D944 /* OrderConfirmationViewController.swift in Sources */,
				236B884D2950D6620073D944 /* MenuController.swift in Sources */,
				236B884B2950CEF40073D944 /* Order.swift in Sources */,
				236B88412950C8820073D944 /* MenuTableViewController.swift in Sources */,
				236B883F2950C8730073D944 /* CategoryTableViewController.swift in Sources */,
				236B88322950C2EA0073D944 /* OrderApp.xcdatamodeld in Sources */,
				236B88472950CBB20073D944 /* MenuItem.swift in Sources */,
				236B882A2950C2EA0073D944 /* SceneDelegate.swift in Sources */,
				236B88452950CA850073D944 /* MenuItemDetailViewController.swift in Sources */,
			);
			runOnlyForDeploymentPostprocessing = 0;
		};
/* End PBXSourcesBuildPhase section */

/* Begin PBXVariantGroup section */
		236B882D2950C2EA0073D944 /* Main.storyboard */ = {
			isa = PBXVariantGroup;
			children = (
				236B882E2950C2EA0073D944 /* Base */,
			);
			name = Main.storyboard;
			sourceTree = "<group>";
		};
		236B88352950C2EB0073D944 /* LaunchScreen.storyboard */ = {
			isa = PBXVariantGroup;
			children = (
				236B88362950C2EB0073D944 /* Base */,
			);
			name = LaunchScreen.storyboard;
			sourceTree = "<group>";
		};
/* End PBXVariantGroup section */

/* Begin XCBuildConfiguration section */
		236B88392950C2EB0073D944 /* Debug */ = {
			isa = XCBuildConfiguration;
			buildSettings = {
				ALWAYS_SEARCH_USER_PATHS = NO;
				CLANG_ANALYZER_NONNULL = YES;
				CLANG_ANALYZER_NUMBER_OBJECT_CONVERSION = YES_AGGRESSIVE;
				CLANG_CXX_LANGUAGE_STANDARD = "gnu++20";
				CLANG_ENABLE_MODULES = YES;
				CLANG_ENABLE_OBJC_ARC = YES;
				CLANG_ENABLE_OBJC_WEAK = YES;
				CLANG_WARN_BLOCK_CAPTURE_AUTORELEASING = YES;
				CLANG_WARN_BOOL_CONVERSION = YES;
				CLANG_WARN_COMMA = YES;
				CLANG_WARN_CONSTANT_CONVERSION = YES;
				CLANG_WARN_DEPRECATED_OBJC_IMPLEMENTATIONS = YES;
				CLANG_WARN_DIRECT_OBJC_ISA_USAGE = YES_ERROR;
				CLANG_WARN_DOCUMENTATION_COMMENTS = YES;
				CLANG_WARN_EMPTY_BODY = YES;
				CLANG_WARN_ENUM_CONVERSION = YES;
				CLANG_WARN_INFINITE_RECURSION = YES;
				CLANG_WARN_INT_CONVERSION = YES;
				CLANG_WARN_NON_LITERAL_NULL_CONVERSION = YES;
				CLANG_WARN_OBJC_IMPLICIT_RETAIN_SELF = YES;
				CLANG_WARN_OBJC_LITERAL_CONVERSION = YES;
				CLANG_WARN_OBJC_ROOT_CLASS = YES_ERROR;
				CLANG_WARN_QUOTED_INCLUDE_IN_FRAMEWORK_HEADER = YES;
				CLANG_WARN_RANGE_LOOP_ANALYSIS = YES;
				CLANG_WARN_STRICT_PROTOTYPES = YES;
				CLANG_WARN_SUSPICIOUS_MOVE = YES;
				CLANG_WARN_UNGUARDED_AVAILABILITY = YES_AGGRESSIVE;
				CLANG_WARN_UNREACHABLE_CODE = YES;
				CLANG_WARN__DUPLICATE_METHOD_MATCH = YES;
				COPY_PHASE_STRIP = NO;
				DEBUG_INFORMATION_FORMAT = dwarf;
				ENABLE_STRICT_OBJC_MSGSEND = YES;
				ENABLE_TESTABILITY = YES;
				GCC_C_LANGUAGE_STANDARD = gnu11;
				GCC_DYNAMIC_NO_PIC = NO;
				GCC_NO_COMMON_BLOCKS = YES;
				GCC_OPTIMIZATION_LEVEL = 0;
				GCC_PREPROCESSOR_DEFINITIONS = (
					"DEBUG=1",
					"$(inherited)",
				);
				GCC_WARN_64_TO_32_BIT_CONVERSION = YES;
				GCC_WARN_ABOUT_RETURN_TYPE = YES_ERROR;
				GCC_WARN_UNDECLARED_SELECTOR = YES;
				GCC_WARN_UNINITIALIZED_AUTOS = YES_AGGRESSIVE;
				GCC_WARN_UNUSED_FUNCTION = YES;
				GCC_WARN_UNUSED_VARIABLE = YES;
				IPHONEOS_DEPLOYMENT_TARGET = 16.1;
				MTL_ENABLE_DEBUG_INFO = INCLUDE_SOURCE;
				MTL_FAST_MATH = YES;
				ONLY_ACTIVE_ARCH = YES;
				SDKROOT = iphoneos;
				SWIFT_ACTIVE_COMPILATION_CONDITIONS = DEBUG;
				SWIFT_OPTIMIZATION_LEVEL = "-Onone";
			};
			name = Debug;
		};
		236B883A2950C2EB0073D944 /* Release */ = {
			isa = XCBuildConfiguration;
			buildSettings = {
				ALWAYS_SEARCH_USER_PATHS = NO;
				CLANG_ANALYZER_NONNULL = YES;
				CLANG_ANALYZER_NUMBER_OBJECT_CONVERSION = YES_AGGRESSIVE;
				CLANG_CXX_LANGUAGE_STANDARD = "gnu++20";
				CLANG_ENABLE_MODULES = YES;
				CLANG_ENABLE_OBJC_ARC = YES;
				CLANG_ENABLE_OBJC_WEAK = YES;
				CLANG_WARN_BLOCK_CAPTURE_AUTORELEASING = YES;
				CLANG_WARN_BOOL_CONVERSION = YES;
				CLANG_WARN_COMMA = YES;
				CLANG_WARN_CONSTANT_CONVERSION = YES;
				CLANG_WARN_DEPRECATED_OBJC_IMPLEMENTATIONS = YES;
				CLANG_WARN_DIRECT_OBJC_ISA_USAGE = YES_ERROR;
				CLANG_WARN_DOCUMENTATION_COMMENTS = YES;
				CLANG_WARN_EMPTY_BODY = YES;
				CLANG_WARN_ENUM_CONVERSION = YES;
				CLANG_WARN_INFINITE_RECURSION = YES;
				CLANG_WARN_INT_CONVERSION = YES;
				CLANG_WARN_NON_LITERAL_NULL_CONVERSION = YES;
				CLANG_WARN_OBJC_IMPLICIT_RETAIN_SELF = YES;
				CLANG_WARN_OBJC_LITERAL_CONVERSION = YES;
				CLANG_WARN_OBJC_ROOT_CLASS = YES_ERROR;
				CLANG_WARN_QUOTED_INCLUDE_IN_FRAMEWORK_HEADER = YES;
				CLANG_WARN_RANGE_LOOP_ANALYSIS = YES;
				CLANG_WARN_STRICT_PROTOTYPES = YES;
				CLANG_WARN_SUSPICIOUS_MOVE = YES;
				CLANG_WARN_UNGUARDED_AVAILABILITY = YES_AGGRESSIVE;
				CLANG_WARN_UNREACHABLE_CODE = YES;
				CLANG_WARN__DUPLICATE_METHOD_MATCH = YES;
				COPY_PHASE_STRIP = NO;
				DEBUG_INFORMATION_FORMAT = "dwarf-with-dsym";
				ENABLE_NS_ASSERTIONS = NO;
				ENABLE_STRICT_OBJC_MSGSEND = YES;
				GCC_C_LANGUAGE_STANDARD = gnu11;
				GCC_NO_COMMON_BLOCKS = YES;
				GCC_WARN_64_TO_32_BIT_CONVERSION = YES;
				GCC_WARN_ABOUT_RETURN_TYPE = YES_ERROR;
				GCC_WARN_UNDECLARED_SELECTOR = YES;
				GCC_WARN_UNINITIALIZED_AUTOS = YES_AGGRESSIVE;
				GCC_WARN_UNUSED_FUNCTION = YES;
				GCC_WARN_UNUSED_VARIABLE = YES;
				IPHONEOS_DEPLOYMENT_TARGET = 16.1;
				MTL_ENABLE_DEBUG_INFO = NO;
				MTL_FAST_MATH = YES;
				SDKROOT = iphoneos;
				SWIFT_COMPILATION_MODE = wholemodule;
				SWIFT_OPTIMIZATION_LEVEL = "-O";
				VALIDATE_PRODUCT = YES;
			};
			name = Release;
		};
		236B883C2950C2EB0073D944 /* Debug */ = {
			isa = XCBuildConfiguration;
			buildSettings = {
				ASSETCATALOG_COMPILER_APPICON_NAME = AppIcon;
				ASSETCATALOG_COMPILER_GLOBAL_ACCENT_COLOR_NAME = AccentColor;
				CODE_SIGN_STYLE = Automatic;
				CURRENT_PROJECT_VERSION = 1;
				DEVELOPMENT_TEAM = 73J8QZ9U74;
				GENERATE_INFOPLIST_FILE = YES;
				INFOPLIST_FILE = OrderApp/Info.plist;
				INFOPLIST_KEY_UIApplicationSupportsIndirectInputEvents = YES;
				INFOPLIST_KEY_UILaunchStoryboardName = LaunchScreen;
				INFOPLIST_KEY_UIMainStoryboardFile = Main;
				INFOPLIST_KEY_UISupportedInterfaceOrientations_iPad = "UIInterfaceOrientationPortrait UIInterfaceOrientationPortraitUpsideDown UIInterfaceOrientationLandscapeLeft UIInterfaceOrientationLandscapeRight";
				INFOPLIST_KEY_UISupportedInterfaceOrientations_iPhone = "UIInterfaceOrientationPortrait UIInterfaceOrientationLandscapeLeft UIInterfaceOrientationLandscapeRight";
				LD_RUNPATH_SEARCH_PATHS = (
					"$(inherited)",
					"@executable_path/Frameworks",
				);
				MARKETING_VERSION = 1.0;
				PRODUCT_BUNDLE_IDENTIFIER = com.jaydock.OrderApp;
				PRODUCT_NAME = "$(TARGET_NAME)";
				SWIFT_EMIT_LOC_STRINGS = YES;
				SWIFT_VERSION = 5.0;
				TARGETED_DEVICE_FAMILY = "1,2";
			};
			name = Debug;
		};
		236B883D2950C2EB0073D944 /* Release */ = {
			isa = XCBuildConfiguration;
			buildSettings = {
				ASSETCATALOG_COMPILER_APPICON_NAME = AppIcon;
				ASSETCATALOG_COMPILER_GLOBAL_ACCENT_COLOR_NAME = AccentColor;
				CODE_SIGN_STYLE = Automatic;
				CURRENT_PROJECT_VERSION = 1;
				DEVELOPMENT_TEAM = 73J8QZ9U74;
				GENERATE_INFOPLIST_FILE = YES;
				INFOPLIST_FILE = OrderApp/Info.plist;
				INFOPLIST_KEY_UIApplicationSupportsIndirectInputEvents = YES;
				INFOPLIST_KEY_UILaunchStoryboardName = LaunchScreen;
				INFOPLIST_KEY_UIMainStoryboardFile = Main;
				INFOPLIST_KEY_UISupportedInterfaceOrientations_iPad = "UIInterfaceOrientationPortrait UIInterfaceOrientationPortraitUpsideDown UIInterfaceOrientationLandscapeLeft UIInterfaceOrientationLandscapeRight";
				INFOPLIST_KEY_UISupportedInterfaceOrientations_iPhone = "UIInterfaceOrientationPortrait UIInterfaceOrientationLandscapeLeft UIInterfaceOrientationLandscapeRight";
				LD_RUNPATH_SEARCH_PATHS = (
					"$(inherited)",
					"@executable_path/Frameworks",
				);
				MARKETING_VERSION = 1.0;
				PRODUCT_BUNDLE_IDENTIFIER = com.jaydock.OrderApp;
				PRODUCT_NAME = "$(TARGET_NAME)";
				SWIFT_EMIT_LOC_STRINGS = YES;
				SWIFT_VERSION = 5.0;
				TARGETED_DEVICE_FAMILY = "1,2";
			};
			name = Release;
		};
/* End XCBuildConfiguration section */

/* Begin XCConfigurationList section */
		236B881F2950C2EA0073D944 /* Build configuration list for PBXProject "OrderApp" */ = {
			isa = XCConfigurationList;
			buildConfigurations = (
				236B88392950C2EB0073D944 /* Debug */,
				236B883A2950C2EB0073D944 /* Release */,
			);
			defaultConfigurationIsVisible = 0;
			defaultConfigurationName = Release;
		};
		236B883B2950C2EB0073D944 /* Build configuration list for PBXNativeTarget "OrderApp" */ = {
			isa = XCConfigurationList;
			buildConfigurations = (
				236B883C2950C2EB0073D944 /* Debug */,
				236B883D2950C2EB0073D944 /* Release */,
			);
			defaultConfigurationIsVisible = 0;
			defaultConfigurationName = Release;
		};
/* End XCConfigurationList section */

/* Begin XCVersionGroup section */
		236B88302950C2EA0073D944 /* OrderApp.xcdatamodeld */ = {
			isa = XCVersionGroup;
			children = (
				236B88312950C2EA0073D944 /* OrderApp.xcdatamodel */,
			);
			currentVersion = 236B88312950C2EA0073D944 /* OrderApp.xcdatamodel */;
			path = OrderApp.xcdatamodeld;
			sourceTree = "<group>";
			versionGroupType = wrapper.xcdatamodel;
		};
/* End XCVersionGroup section */
	};
	rootObject = 236B881C2950C2EA0073D944 /* Project object */;
}
